// !$*UTF8*$!
{
	archiveVersion = 1;
	classes = {
	};
	objectVersion = 77;
	objects = {

/* Begin PBXBuildFile section */
		9F00F1662D7D0444005A150C /* KeyView.swift in Sources */ = {isa = PBXBuildFile; fileRef = 9F00F1652D7D0444005A150C /* KeyView.swift */; };
		9F00F1682D7D0598005A150C /* SynthView.swift in Sources */ = {isa = PBXBuildFile; fileRef = 9F00F1672D7D0598005A150C /* SynthView.swift */; };
		9F00F16B2D7D0C90005A150C /* MusicTheory (not used).swift in Sources */ = {isa = PBXBuildFile; fileRef = 9F00F16A2D7D0C90005A150C /* MusicTheory (not used).swift */; };
		9F00F16D2D7D0FAA005A150C /* README.md in Resources */ = {isa = PBXBuildFile; fileRef = 9F00F16C2D7D0FAA005A150C /* README.md */; };
		9F00F1712D7D1537005A150C /* SavedCompositionsView.swift in Sources */ = {isa = PBXBuildFile; fileRef = 9F00F1702D7D1537005A150C /* SavedCompositionsView.swift */; };
		9F00F1732D7D156E005A150C /* ContentView.swift in Sources */ = {isa = PBXBuildFile; fileRef = 9F00F1722D7D156E005A150C /* ContentView.swift */; };
		9F00F1752D7D1A60005A150C /* CompositionStore.swift in Sources */ = {isa = PBXBuildFile; fileRef = 9F00F1742D7D1A60005A150C /* CompositionStore.swift */; };
		9F047C9A2D7CF15D008E03DE /* AudioKit in Frameworks */ = {isa = PBXBuildFile; productRef = 9F047C992D7CF15D008E03DE /* AudioKit */; };
		9F047CA72D7CF1AE008E03DE /* SynthEngine.swift in Sources */ = {isa = PBXBuildFile; fileRef = 9F047CA32D7CF1AE008E03DE /* SynthEngine.swift */; };
		9F047CA82D7CF1AE008E03DE /* Week6AssignmentApp.swift in Sources */ = {isa = PBXBuildFile; fileRef = 9F047CA42D7CF1AE008E03DE /* Week6AssignmentApp.swift */; };
		9F047CA92D7CF1AE008E03DE /* Preview Assets.xcassets in Resources */ = {isa = PBXBuildFile; fileRef = 9F047C9F2D7CF1AE008E03DE /* Preview Assets.xcassets */; };
		9F047CAA2D7CF1AE008E03DE /* Assets.xcassets in Resources */ = {isa = PBXBuildFile; fileRef = 9F047CA12D7CF1AE008E03DE /* Assets.xcassets */; };
		9F047CAD2D7CF5A5008E03DE /* CookbookCommon in Frameworks */ = {isa = PBXBuildFile; productRef = 9F047CAC2D7CF5A5008E03DE /* CookbookCommon */; };
		9FC040CE2D7CF8D20018A25D /* UnusedSynthView.swift in Sources */ = {isa = PBXBuildFile; fileRef = 9FC040CD2D7CF8D20018A25D /* UnusedSynthView.swift */; };
		9FC040D02D7CFFF90018A25D /* KeyboardView.swift in Sources */ = {isa = PBXBuildFile; fileRef = 9FC040CF2D7CFFF90018A25D /* KeyboardView.swift */; };
		9FC040D22D7D02B90018A25D /* PianoKey.swift in Sources */ = {isa = PBXBuildFile; fileRef = 9FC040D12D7D02B90018A25D /* PianoKey.swift */; };
		9FC040D42D7D02D30018A25D /* KeyboardLayout.swift in Sources */ = {isa = PBXBuildFile; fileRef = 9FC040D32D7D02D30018A25D /* KeyboardLayout.swift */; };
		9FC040D62D7D03890018A25D /* MIDIHelper.swift in Sources */ = {isa = PBXBuildFile; fileRef = 9FC040D52D7D03890018A25D /* MIDIHelper.swift */; };
		9FD667282D808263009F1361 /* CookbookCommon in Frameworks */ = {isa = PBXBuildFile; productRef = 9FD667272D808263009F1361 /* CookbookCommon */; };
/* End PBXBuildFile section */

/* Begin PBXFileReference section */
		9F00F1652D7D0444005A150C /* KeyView.swift */ = {isa = PBXFileReference; lastKnownFileType = sourcecode.swift; path = KeyView.swift; sourceTree = "<group>"; };
		9F00F1672D7D0598005A150C /* SynthView.swift */ = {isa = PBXFileReference; lastKnownFileType = sourcecode.swift; path = SynthView.swift; sourceTree = "<group>"; };
		9F00F16A2D7D0C90005A150C /* MusicTheory (not used).swift */ = {isa = PBXFileReference; lastKnownFileType = sourcecode.swift; path = "MusicTheory (not used).swift"; sourceTree = "<group>"; };
		9F00F16C2D7D0FAA005A150C /* README.md */ = {isa = PBXFileReference; lastKnownFileType = net.daringfireball.markdown; path = README.md; sourceTree = "<group>"; };
		9F00F1702D7D1537005A150C /* SavedCompositionsView.swift */ = {isa = PBXFileReference; lastKnownFileType = sourcecode.swift; path = SavedCompositionsView.swift; sourceTree = "<group>"; };
		9F00F1722D7D156E005A150C /* ContentView.swift */ = {isa = PBXFileReference; lastKnownFileType = sourcecode.swift; path = ContentView.swift; sourceTree = "<group>"; };
		9F00F1742D7D1A60005A150C /* CompositionStore.swift */ = {isa = PBXFileReference; lastKnownFileType = sourcecode.swift; path = CompositionStore.swift; sourceTree = "<group>"; };
		9F047C872D7CE197008E03DE /* Week6Assignment.app */ = {isa = PBXFileReference; explicitFileType = wrapper.application; includeInIndex = 0; path = Week6Assignment.app; sourceTree = BUILT_PRODUCTS_DIR; };
		9F047C9F2D7CF1AE008E03DE /* Preview Assets.xcassets */ = {isa = PBXFileReference; lastKnownFileType = folder.assetcatalog; path = "Preview Assets.xcassets"; sourceTree = "<group>"; };
		9F047CA12D7CF1AE008E03DE /* Assets.xcassets */ = {isa = PBXFileReference; lastKnownFileType = folder.assetcatalog; path = Assets.xcassets; sourceTree = "<group>"; };
		9F047CA32D7CF1AE008E03DE /* SynthEngine.swift */ = {isa = PBXFileReference; lastKnownFileType = sourcecode.swift; path = SynthEngine.swift; sourceTree = "<group>"; };
		9F047CA42D7CF1AE008E03DE /* Week6AssignmentApp.swift */ = {isa = PBXFileReference; lastKnownFileType = sourcecode.swift; path = Week6AssignmentApp.swift; sourceTree = "<group>"; };
		9FC040CD2D7CF8D20018A25D /* UnusedSynthView.swift */ = {isa = PBXFileReference; lastKnownFileType = sourcecode.swift; path = UnusedSynthView.swift; sourceTree = "<group>"; };
		9FC040CF2D7CFFF90018A25D /* KeyboardView.swift */ = {isa = PBXFileReference; lastKnownFileType = sourcecode.swift; path = KeyboardView.swift; sourceTree = "<group>"; };
		9FC040D12D7D02B90018A25D /* PianoKey.swift */ = {isa = PBXFileReference; lastKnownFileType = sourcecode.swift; path = PianoKey.swift; sourceTree = "<group>"; };
		9FC040D32D7D02D30018A25D /* KeyboardLayout.swift */ = {isa = PBXFileReference; lastKnownFileType = sourcecode.swift; path = KeyboardLayout.swift; sourceTree = "<group>"; };
		9FC040D52D7D03890018A25D /* MIDIHelper.swift */ = {isa = PBXFileReference; lastKnownFileType = sourcecode.swift; path = MIDIHelper.swift; sourceTree = "<group>"; };
		9FD667252D808216009F1361 /* CookbookCommon */ = {isa = PBXFileReference; lastKnownFileType = wrapper; path = CookbookCommon; sourceTree = "<group>"; };
/* End PBXFileReference section */

/* Begin PBXFrameworksBuildPhase section */
		9F047C842D7CE197008E03DE /* Frameworks */ = {
			isa = PBXFrameworksBuildPhase;
			buildActionMask = 2147483647;
			files = (
				9FD667282D808263009F1361 /* CookbookCommon in Frameworks */,
				9F047CAD2D7CF5A5008E03DE /* CookbookCommon in Frameworks */,
				9F047C9A2D7CF15D008E03DE /* AudioKit in Frameworks */,
			);
			runOnlyForDeploymentPostprocessing = 0;
		};
/* End PBXFrameworksBuildPhase section */

/* Begin PBXGroup section */
		9F00F1692D7D064D005A150C /* Synth (not used) */ = {
			isa = PBXGroup;
			children = (
				9FC040CD2D7CF8D20018A25D /* UnusedSynthView.swift */,
				9FC040CF2D7CFFF90018A25D /* KeyboardView.swift */,
				9F00F1652D7D0444005A150C /* KeyView.swift */,
				9FC040D32D7D02D30018A25D /* KeyboardLayout.swift */,
				9FC040D12D7D02B90018A25D /* PianoKey.swift */,
			);
			path = "Synth (not used)";
			sourceTree = "<group>";
		};
		9F047C7E2D7CE197008E03DE = {
			isa = PBXGroup;
			children = (
				9F047CA52D7CF1AE008E03DE /* Week6Assignment */,
				9F047C882D7CE197008E03DE /* Products */,
			);
			sourceTree = "<group>";
		};
		9F047C882D7CE197008E03DE /* Products */ = {
			isa = PBXGroup;
			children = (
				9F047C872D7CE197008E03DE /* Week6Assignment.app */,
			);
			name = Products;
			sourceTree = "<group>";
		};
		9F047CA02D7CF1AE008E03DE /* Preview Content */ = {
			isa = PBXGroup;
			children = (
				9F047C9F2D7CF1AE008E03DE /* Preview Assets.xcassets */,
			);
			path = "Preview Content";
			sourceTree = "<group>";
		};
		9F047CA52D7CF1AE008E03DE /* Week6Assignment */ = {
			isa = PBXGroup;
			children = (
				9F00F16C2D7D0FAA005A150C /* README.md */,
				9F047CA02D7CF1AE008E03DE /* Preview Content */,
				9F047CA12D7CF1AE008E03DE /* Assets.xcassets */,
				9F047CA42D7CF1AE008E03DE /* Week6AssignmentApp.swift */,
				9F00F1722D7D156E005A150C /* ContentView.swift */,
				9F00F1672D7D0598005A150C /* SynthView.swift */,
				9F00F1742D7D1A60005A150C /* CompositionStore.swift */,
				9F047CA32D7CF1AE008E03DE /* SynthEngine.swift */,
				9F00F1702D7D1537005A150C /* SavedCompositionsView.swift */,
				9FC040D52D7D03890018A25D /* MIDIHelper.swift */,
				9F00F16A2D7D0C90005A150C /* MusicTheory (not used).swift */,
				9F00F1692D7D064D005A150C /* Synth (not used) */,
				9FD667252D808216009F1361 /* CookbookCommon */,
			);
			path = Week6Assignment;
			sourceTree = "<group>";
		};
/* End PBXGroup section */

/* Begin PBXNativeTarget section */
		9F047C862D7CE197008E03DE /* Week6Assignment */ = {
			isa = PBXNativeTarget;
			buildConfigurationList = 9F047C952D7CE198008E03DE /* Build configuration list for PBXNativeTarget "Week6Assignment" */;
			buildPhases = (
				9F047C832D7CE197008E03DE /* Sources */,
				9F047C842D7CE197008E03DE /* Frameworks */,
				9F047C852D7CE197008E03DE /* Resources */,
			);
			buildRules = (
			);
			dependencies = (
			);
			name = Week6Assignment;
			packageProductDependencies = (
				9F047C992D7CF15D008E03DE /* AudioKit */,
				9F047CAC2D7CF5A5008E03DE /* CookbookCommon */,
				9FD667272D808263009F1361 /* CookbookCommon */,
			);
			productName = Week6Assignment;
			productReference = 9F047C872D7CE197008E03DE /* Week6Assignment.app */;
			productType = "com.apple.product-type.application";
		};
/* End PBXNativeTarget section */

/* Begin PBXProject section */
		9F047C7F2D7CE197008E03DE /* Project object */ = {
			isa = PBXProject;
			attributes = {
				BuildIndependentTargetsInParallel = 1;
				LastSwiftUpdateCheck = 1620;
				LastUpgradeCheck = 1620;
				TargetAttributes = {
					9F047C862D7CE197008E03DE = {
						CreatedOnToolsVersion = 16.2;
					};
				};
			};
			buildConfigurationList = 9F047C822D7CE197008E03DE /* Build configuration list for PBXProject "Week6Assignment" */;
			developmentRegion = en;
			hasScannedForEncodings = 0;
			knownRegions = (
				en,
				Base,
			);
			mainGroup = 9F047C7E2D7CE197008E03DE;
			minimizedProjectReferenceProxies = 1;
			packageReferences = (
				9F047C982D7CF15D008E03DE /* XCRemoteSwiftPackageReference "AudioKit" */,
				9FD667262D808263009F1361 /* XCLocalSwiftPackageReference "Week6Assignment/CookbookCommon" */,
			);
			preferredProjectObjectVersion = 77;
			productRefGroup = 9F047C882D7CE197008E03DE /* Products */;
			projectDirPath = "";
			projectRoot = "";
			targets = (
				9F047C862D7CE197008E03DE /* Week6Assignment */,
			);
		};
/* End PBXProject section */

/* Begin PBXResourcesBuildPhase section */
		9F047C852D7CE197008E03DE /* Resources */ = {
			isa = PBXResourcesBuildPhase;
			buildActionMask = 2147483647;
			files = (
				9F00F16D2D7D0FAA005A150C /* README.md in Resources */,
				9F047CA92D7CF1AE008E03DE /* Preview Assets.xcassets in Resources */,
				9F047CAA2D7CF1AE008E03DE /* Assets.xcassets in Resources */,
			);
			runOnlyForDeploymentPostprocessing = 0;
		};
/* End PBXResourcesBuildPhase section */

/* Begin PBXSourcesBuildPhase section */
		9F047C832D7CE197008E03DE /* Sources */ = {
			isa = PBXSourcesBuildPhase;
			buildActionMask = 2147483647;
			files = (
				9F00F1752D7D1A60005A150C /* CompositionStore.swift in Sources */,
				9F047CA72D7CF1AE008E03DE /* SynthEngine.swift in Sources */,
				9F047CA82D7CF1AE008E03DE /* Week6AssignmentApp.swift in Sources */,
				9FC040D02D7CFFF90018A25D /* KeyboardView.swift in Sources */,
				9FC040D42D7D02D30018A25D /* KeyboardLayout.swift in Sources */,
				9F00F1682D7D0598005A150C /* SynthView.swift in Sources */,
				9F00F1662D7D0444005A150C /* KeyView.swift in Sources */,
				9F00F1712D7D1537005A150C /* SavedCompositionsView.swift in Sources */,
				9F00F16B2D7D0C90005A150C /* MusicTheory (not used).swift in Sources */,
				9FC040CE2D7CF8D20018A25D /* UnusedSynthView.swift in Sources */,
				9F00F1732D7D156E005A150C /* ContentView.swift in Sources */,
				9FC040D62D7D03890018A25D /* MIDIHelper.swift in Sources */,
				9FC040D22D7D02B90018A25D /* PianoKey.swift in Sources */,
			);
			runOnlyForDeploymentPostprocessing = 0;
		};
/* End PBXSourcesBuildPhase section */

/* Begin XCBuildConfiguration section */
		9F047C932D7CE198008E03DE /* Debug */ = {
			isa = XCBuildConfiguration;
			buildSettings = {
				ALWAYS_SEARCH_USER_PATHS = NO;
				ASSETCATALOG_COMPILER_GENERATE_SWIFT_ASSET_SYMBOL_EXTENSIONS = YES;
				CLANG_ANALYZER_NONNULL = YES;
				CLANG_ANALYZER_NUMBER_OBJECT_CONVERSION = YES_AGGRESSIVE;
				CLANG_CXX_LANGUAGE_STANDARD = "gnu++20";
				CLANG_ENABLE_MODULES = YES;
				CLANG_ENABLE_OBJC_ARC = YES;
				CLANG_ENABLE_OBJC_WEAK = YES;
				CLANG_WARN_BLOCK_CAPTURE_AUTORELEASING = YES;
				CLANG_WARN_BOOL_CONVERSION = YES;
				CLANG_WARN_COMMA = YES;
				CLANG_WARN_CONSTANT_CONVERSION = YES;
				CLANG_WARN_DEPRECATED_OBJC_IMPLEMENTATIONS = YES;
				CLANG_WARN_DIRECT_OBJC_ISA_USAGE = YES_ERROR;
				CLANG_WARN_DOCUMENTATION_COMMENTS = YES;
				CLANG_WARN_EMPTY_BODY = YES;
				CLANG_WARN_ENUM_CONVERSION = YES;
				CLANG_WARN_INFINITE_RECURSION = YES;
				CLANG_WARN_INT_CONVERSION = YES;
				CLANG_WARN_NON_LITERAL_NULL_CONVERSION = YES;
				CLANG_WARN_OBJC_IMPLICIT_RETAIN_SELF = YES;
				CLANG_WARN_OBJC_LITERAL_CONVERSION = YES;
				CLANG_WARN_OBJC_ROOT_CLASS = YES_ERROR;
				CLANG_WARN_QUOTED_INCLUDE_IN_FRAMEWORK_HEADER = YES;
				CLANG_WARN_RANGE_LOOP_ANALYSIS = YES;
				CLANG_WARN_STRICT_PROTOTYPES = YES;
				CLANG_WARN_SUSPICIOUS_MOVE = YES;
				CLANG_WARN_UNGUARDED_AVAILABILITY = YES_AGGRESSIVE;
				CLANG_WARN_UNREACHABLE_CODE = YES;
				CLANG_WARN__DUPLICATE_METHOD_MATCH = YES;
				COPY_PHASE_STRIP = NO;
				DEBUG_INFORMATION_FORMAT = dwarf;
				ENABLE_STRICT_OBJC_MSGSEND = YES;
				ENABLE_TESTABILITY = YES;
				ENABLE_USER_SCRIPT_SANDBOXING = YES;
				GCC_C_LANGUAGE_STANDARD = gnu17;
				GCC_DYNAMIC_NO_PIC = NO;
				GCC_NO_COMMON_BLOCKS = YES;
				GCC_OPTIMIZATION_LEVEL = 0;
				GCC_PREPROCESSOR_DEFINITIONS = (
					"DEBUG=1",
					"$(inherited)",
				);
				GCC_WARN_64_TO_32_BIT_CONVERSION = YES;
				GCC_WARN_ABOUT_RETURN_TYPE = YES_ERROR;
				GCC_WARN_UNDECLARED_SELECTOR = YES;
				GCC_WARN_UNINITIALIZED_AUTOS = YES_AGGRESSIVE;
				GCC_WARN_UNUSED_FUNCTION = YES;
				GCC_WARN_UNUSED_VARIABLE = YES;
				IPHONEOS_DEPLOYMENT_TARGET = 18.2;
				LOCALIZATION_PREFERS_STRING_CATALOGS = YES;
				MTL_ENABLE_DEBUG_INFO = INCLUDE_SOURCE;
				MTL_FAST_MATH = YES;
				ONLY_ACTIVE_ARCH = YES;
				SDKROOT = iphoneos;
				SWIFT_ACTIVE_COMPILATION_CONDITIONS = "DEBUG $(inherited)";
				SWIFT_OPTIMIZATION_LEVEL = "-Onone";
			};
			name = Debug;
		};
		9F047C942D7CE198008E03DE /* Release */ = {
			isa = XCBuildConfiguration;
			buildSettings = {
				ALWAYS_SEARCH_USER_PATHS = NO;
				ASSETCATALOG_COMPILER_GENERATE_SWIFT_ASSET_SYMBOL_EXTENSIONS = YES;
				CLANG_ANALYZER_NONNULL = YES;
				CLANG_ANALYZER_NUMBER_OBJECT_CONVERSION = YES_AGGRESSIVE;
				CLANG_CXX_LANGUAGE_STANDARD = "gnu++20";
				CLANG_ENABLE_MODULES = YES;
				CLANG_ENABLE_OBJC_ARC = YES;
				CLANG_ENABLE_OBJC_WEAK = YES;
				CLANG_WARN_BLOCK_CAPTURE_AUTORELEASING = YES;
				CLANG_WARN_BOOL_CONVERSION = YES;
				CLANG_WARN_COMMA = YES;
				CLANG_WARN_CONSTANT_CONVERSION = YES;
				CLANG_WARN_DEPRECATED_OBJC_IMPLEMENTATIONS = YES;
				CLANG_WARN_DIRECT_OBJC_ISA_USAGE = YES_ERROR;
				CLANG_WARN_DOCUMENTATION_COMMENTS = YES;
				CLANG_WARN_EMPTY_BODY = YES;
				CLANG_WARN_ENUM_CONVERSION = YES;
				CLANG_WARN_INFINITE_RECURSION = YES;
				CLANG_WARN_INT_CONVERSION = YES;
				CLANG_WARN_NON_LITERAL_NULL_CONVERSION = YES;
				CLANG_WARN_OBJC_IMPLICIT_RETAIN_SELF = YES;
				CLANG_WARN_OBJC_LITERAL_CONVERSION = YES;
				CLANG_WARN_OBJC_ROOT_CLASS = YES_ERROR;
				CLANG_WARN_QUOTED_INCLUDE_IN_FRAMEWORK_HEADER = YES;
				CLANG_WARN_RANGE_LOOP_ANALYSIS = YES;
				CLANG_WARN_STRICT_PROTOTYPES = YES;
				CLANG_WARN_SUSPICIOUS_MOVE = YES;
				CLANG_WARN_UNGUARDED_AVAILABILITY = YES_AGGRESSIVE;
				CLANG_WARN_UNREACHABLE_CODE = YES;
				CLANG_WARN__DUPLICATE_METHOD_MATCH = YES;
				COPY_PHASE_STRIP = NO;
				DEBUG_INFORMATION_FORMAT = "dwarf-with-dsym";
				ENABLE_NS_ASSERTIONS = NO;
				ENABLE_STRICT_OBJC_MSGSEND = YES;
				ENABLE_USER_SCRIPT_SANDBOXING = YES;
				GCC_C_LANGUAGE_STANDARD = gnu17;
				GCC_NO_COMMON_BLOCKS = YES;
				GCC_WARN_64_TO_32_BIT_CONVERSION = YES;
				GCC_WARN_ABOUT_RETURN_TYPE = YES_ERROR;
				GCC_WARN_UNDECLARED_SELECTOR = YES;
				GCC_WARN_UNINITIALIZED_AUTOS = YES_AGGRESSIVE;
				GCC_WARN_UNUSED_FUNCTION = YES;
				GCC_WARN_UNUSED_VARIABLE = YES;
				IPHONEOS_DEPLOYMENT_TARGET = 18.2;
				LOCALIZATION_PREFERS_STRING_CATALOGS = YES;
				MTL_ENABLE_DEBUG_INFO = NO;
				MTL_FAST_MATH = YES;
				SDKROOT = iphoneos;
				SWIFT_COMPILATION_MODE = wholemodule;
				VALIDATE_PRODUCT = YES;
			};
			name = Release;
		};
		9F047C962D7CE198008E03DE /* Debug */ = {
			isa = XCBuildConfiguration;
			buildSettings = {
				ASSETCATALOG_COMPILER_APPICON_NAME = AppIcon;
				ASSETCATALOG_COMPILER_GLOBAL_ACCENT_COLOR_NAME = AccentColor;
				CODE_SIGN_STYLE = Automatic;
				CURRENT_PROJECT_VERSION = 1;
				DEVELOPMENT_ASSET_PATHS = "\"Week6Assignment/Preview Content\"";
				DEVELOPMENT_TEAM = U24HL57839;
				ENABLE_PREVIEWS = YES;
				GENERATE_INFOPLIST_FILE = YES;
				INFOPLIST_KEY_UIApplicationSceneManifest_Generation = YES;
				INFOPLIST_KEY_UIApplicationSupportsIndirectInputEvents = YES;
				INFOPLIST_KEY_UILaunchScreen_Generation = YES;
				INFOPLIST_KEY_UISupportedInterfaceOrientations_iPad = "UIInterfaceOrientationPortrait UIInterfaceOrientationPortraitUpsideDown UIInterfaceOrientationLandscapeLeft UIInterfaceOrientationLandscapeRight";
				INFOPLIST_KEY_UISupportedInterfaceOrientations_iPhone = "UIInterfaceOrientationPortrait UIInterfaceOrientationLandscapeLeft UIInterfaceOrientationLandscapeRight";
				LD_RUNPATH_SEARCH_PATHS = (
					"$(inherited)",
					"@executable_path/Frameworks",
				);
				MARKETING_VERSION = 1.0;
				PRODUCT_BUNDLE_IDENTIFIER = "molab-2025.Week6Assignment";
				PRODUCT_NAME = "$(TARGET_NAME)";
				SWIFT_EMIT_LOC_STRINGS = YES;
				SWIFT_VERSION = 5.0;
				TARGETED_DEVICE_FAMILY = "1,2";
			};
			name = Debug;
		};
		9F047C972D7CE198008E03DE /* Release */ = {
			isa = XCBuildConfiguration;
			buildSettings = {
				ASSETCATALOG_COMPILER_APPICON_NAME = AppIcon;
				ASSETCATALOG_COMPILER_GLOBAL_ACCENT_COLOR_NAME = AccentColor;
				CODE_SIGN_STYLE = Automatic;
				CURRENT_PROJECT_VERSION = 1;
				DEVELOPMENT_ASSET_PATHS = "\"Week6Assignment/Preview Content\"";
				DEVELOPMENT_TEAM = U24HL57839;
				ENABLE_PREVIEWS = YES;
				GENERATE_INFOPLIST_FILE = YES;
				INFOPLIST_KEY_UIApplicationSceneManifest_Generation = YES;
				INFOPLIST_KEY_UIApplicationSupportsIndirectInputEvents = YES;
				INFOPLIST_KEY_UILaunchScreen_Generation = YES;
				INFOPLIST_KEY_UISupportedInterfaceOrientations_iPad = "UIInterfaceOrientationPortrait UIInterfaceOrientationPortraitUpsideDown UIInterfaceOrientationLandscapeLeft UIInterfaceOrientationLandscapeRight";
				INFOPLIST_KEY_UISupportedInterfaceOrientations_iPhone = "UIInterfaceOrientationPortrait UIInterfaceOrientationLandscapeLeft UIInterfaceOrientationLandscapeRight";
				LD_RUNPATH_SEARCH_PATHS = (
					"$(inherited)",
					"@executable_path/Frameworks",
				);
				MARKETING_VERSION = 1.0;
				PRODUCT_BUNDLE_IDENTIFIER = "molab-2025.Week6Assignment";
				PRODUCT_NAME = "$(TARGET_NAME)";
				SWIFT_EMIT_LOC_STRINGS = YES;
				SWIFT_VERSION = 5.0;
				TARGETED_DEVICE_FAMILY = "1,2";
			};
			name = Release;
		};
/* End XCBuildConfiguration section */

/* Begin XCConfigurationList section */
		9F047C822D7CE197008E03DE /* Build configuration list for PBXProject "Week6Assignment" */ = {
			isa = XCConfigurationList;
			buildConfigurations = (
				9F047C932D7CE198008E03DE /* Debug */,
				9F047C942D7CE198008E03DE /* Release */,
			);
			defaultConfigurationIsVisible = 0;
			defaultConfigurationName = Release;
		};
		9F047C952D7CE198008E03DE /* Build configuration list for PBXNativeTarget "Week6Assignment" */ = {
			isa = XCConfigurationList;
			buildConfigurations = (
				9F047C962D7CE198008E03DE /* Debug */,
				9F047C972D7CE198008E03DE /* Release */,
			);
			defaultConfigurationIsVisible = 0;
			defaultConfigurationName = Release;
		};
/* End XCConfigurationList section */

/* Begin XCLocalSwiftPackageReference section */
		9FD667262D808263009F1361 /* XCLocalSwiftPackageReference "Week6Assignment/CookbookCommon" */ = {
			isa = XCLocalSwiftPackageReference;
			relativePath = Week6Assignment/CookbookCommon;
		};
/* End XCLocalSwiftPackageReference section */

/* Begin XCRemoteSwiftPackageReference section */
		9F047C982D7CF15D008E03DE /* XCRemoteSwiftPackageReference "AudioKit" */ = {
			isa = XCRemoteSwiftPackageReference;
			repositoryURL = "https://github.com/AudioKit/AudioKit";
			requirement = {
				kind = upToNextMajorVersion;
				minimumVersion = 5.6.4;
			};
		};
/* End XCRemoteSwiftPackageReference section */

/* Begin XCSwiftPackageProductDependency section */
		9F047C992D7CF15D008E03DE /* AudioKit */ = {
			isa = XCSwiftPackageProductDependency;
			package = 9F047C982D7CF15D008E03DE /* XCRemoteSwiftPackageReference "AudioKit" */;
			productName = AudioKit;
		};
		9F047CAC2D7CF5A5008E03DE /* CookbookCommon */ = {
			isa = XCSwiftPackageProductDependency;
			productName = CookbookCommon;
		};
		9FD667272D808263009F1361 /* CookbookCommon */ = {
			isa = XCSwiftPackageProductDependency;
			productName = CookbookCommon;
		};
/* End XCSwiftPackageProductDependency section */
	};
	rootObject = 9F047C7F2D7CE197008E03DE /* Project object */;
}
