// !$*UTF8*$!
{
	archiveVersion = 1;
	classes = {
	};
	objectVersion = 77;
	objects = {

/* Begin PBXBuildFile section */
		9F148FF82D88A9A5005DB521 /* SliderView.swift in Sources */ = {isa = PBXBuildFile; fileRef = 9F148FF72D88A9A5005DB521 /* SliderView.swift */; };
		9F148FFA2D88AE09005DB521 /* WaveformView.swift in Sources */ = {isa = PBXBuildFile; fileRef = 9F148FF92D88AE09005DB521 /* WaveformView.swift */; };
		9F95C75E2D88B57400225319 /* CircularWaveformView.swift in Sources */ = {isa = PBXBuildFile; fileRef = 9F95C75D2D88B57400225319 /* CircularWaveformView.swift */; };
		9FD5A46A2D80D36E0078805C /* ContentView.swift in Sources */ = {isa = PBXBuildFile; fileRef = 9FD5A4662D80D36E0078805C /* ContentView.swift */; };
		9FD5A46B2D80D36E0078805C /* Week7AssignmentApp.swift in Sources */ = {isa = PBXBuildFile; fileRef = 9FD5A4682D80D36E0078805C /* Week7AssignmentApp.swift */; };
		9FD5A46C2D80D36E0078805C /* Preview Assets.xcassets in Resources */ = {isa = PBXBuildFile; fileRef = 9FD5A4632D80D36E0078805C /* Preview Assets.xcassets */; };
		9FD5A46D2D80D36E0078805C /* Assets.xcassets in Resources */ = {isa = PBXBuildFile; fileRef = 9FD5A4652D80D36E0078805C /* Assets.xcassets */; };
		9FD5A46E2D80D36E0078805C /* README.md in Resources */ = {isa = PBXBuildFile; fileRef = 9FD5A4672D80D36E0078805C /* README.md */; };
		9FD5A4702D80DC420078805C /* UIImage+Extension.swift in Sources */ = {isa = PBXBuildFile; fileRef = 9FD5A46F2D80DC420078805C /* UIImage+Extension.swift */; };
		9FD5A4812D824B050078805C /* Conductor.swift in Sources */ = {isa = PBXBuildFile; fileRef = 9FD5A4802D824B050078805C /* Conductor.swift */; };
		9FD5A4832D824B310078805C /* AmplitudeVisualizer.swift in Sources */ = {isa = PBXBuildFile; fileRef = 9FD5A4822D824B310078805C /* AmplitudeVisualizer.swift */; };
		9FD5A4852D824B340078805C /* VerticalBar.swift in Sources */ = {isa = PBXBuildFile; fileRef = 9FD5A4842D824B340078805C /* VerticalBar.swift */; };
		9FD5A48B2D8252B20078805C /* ImageProcessor.swift in Sources */ = {isa = PBXBuildFile; fileRef = 9FD5A48A2D8252B20078805C /* ImageProcessor.swift */; };
		9FD5A48D2D8252CA0078805C /* AudioManager.swift in Sources */ = {isa = PBXBuildFile; fileRef = 9FD5A48C2D8252CA0078805C /* AudioManager.swift */; };
		9FD5A4902D8253C50078805C /* CookbookCommon in Frameworks */ = {isa = PBXBuildFile; productRef = 9FD5A48F2D8253C50078805C /* CookbookCommon */; };
/* End PBXBuildFile section */

/* Begin PBXFileReference section */
		9F148FF72D88A9A5005DB521 /* SliderView.swift */ = {isa = PBXFileReference; lastKnownFileType = sourcecode.swift; path = SliderView.swift; sourceTree = "<group>"; };
		9F148FF92D88AE09005DB521 /* WaveformView.swift */ = {isa = PBXFileReference; lastKnownFileType = sourcecode.swift; path = WaveformView.swift; sourceTree = "<group>"; };
		9F49C3682D82567800D0E1C7 /* CookbookCommon 3 */ = {isa = PBXFileReference; lastKnownFileType = wrapper; path = "CookbookCommon 3"; sourceTree = "<group>"; };
		9F95C75D2D88B57400225319 /* CircularWaveformView.swift */ = {isa = PBXFileReference; lastKnownFileType = sourcecode.swift; path = CircularWaveformView.swift; sourceTree = "<group>"; };
		9FD5A4502D80D2C10078805C /* Week7Assignment.app */ = {isa = PBXFileReference; explicitFileType = wrapper.application; includeInIndex = 0; path = Week7Assignment.app; sourceTree = BUILT_PRODUCTS_DIR; };
		9FD5A4632D80D36E0078805C /* Preview Assets.xcassets */ = {isa = PBXFileReference; lastKnownFileType = folder.assetcatalog; path = "Preview Assets.xcassets"; sourceTree = "<group>"; };
		9FD5A4652D80D36E0078805C /* Assets.xcassets */ = {isa = PBXFileReference; lastKnownFileType = folder.assetcatalog; path = Assets.xcassets; sourceTree = "<group>"; };
		9FD5A4662D80D36E0078805C /* ContentView.swift */ = {isa = PBXFileReference; lastKnownFileType = sourcecode.swift; path = ContentView.swift; sourceTree = "<group>"; };
		9FD5A4672D80D36E0078805C /* README.md */ = {isa = PBXFileReference; lastKnownFileType = net.daringfireball.markdown; path = README.md; sourceTree = "<group>"; };
		9FD5A4682D80D36E0078805C /* Week7AssignmentApp.swift */ = {isa = PBXFileReference; lastKnownFileType = sourcecode.swift; path = Week7AssignmentApp.swift; sourceTree = "<group>"; };
		9FD5A46F2D80DC420078805C /* UIImage+Extension.swift */ = {isa = PBXFileReference; lastKnownFileType = sourcecode.swift; path = "UIImage+Extension.swift"; sourceTree = "<group>"; };
		9FD5A4802D824B050078805C /* Conductor.swift */ = {isa = PBXFileReference; lastKnownFileType = sourcecode.swift; path = Conductor.swift; sourceTree = "<group>"; };
		9FD5A4822D824B310078805C /* AmplitudeVisualizer.swift */ = {isa = PBXFileReference; lastKnownFileType = sourcecode.swift; path = AmplitudeVisualizer.swift; sourceTree = "<group>"; };
		9FD5A4842D824B340078805C /* VerticalBar.swift */ = {isa = PBXFileReference; lastKnownFileType = sourcecode.swift; path = VerticalBar.swift; sourceTree = "<group>"; };
		9FD5A48A2D8252B20078805C /* ImageProcessor.swift */ = {isa = PBXFileReference; lastKnownFileType = sourcecode.swift; path = ImageProcessor.swift; sourceTree = "<group>"; };
		9FD5A48C2D8252CA0078805C /* AudioManager.swift */ = {isa = PBXFileReference; lastKnownFileType = sourcecode.swift; path = AudioManager.swift; sourceTree = "<group>"; };
/* End PBXFileReference section */

/* Begin PBXFrameworksBuildPhase section */
		9FD5A44D2D80D2C10078805C /* Frameworks */ = {
			isa = PBXFrameworksBuildPhase;
			buildActionMask = 2147483647;
			files = (
				9FD5A4902D8253C50078805C /* CookbookCommon in Frameworks */,
			);
			runOnlyForDeploymentPostprocessing = 0;
		};
/* End PBXFrameworksBuildPhase section */

/* Begin PBXGroup section */
		9FD5A4472D80D2C10078805C = {
			isa = PBXGroup;
			children = (
				9F49C3682D82567800D0E1C7 /* CookbookCommon 3 */,
				9FD5A4692D80D36E0078805C /* Week7Assignment */,
				9FD5A4512D80D2C10078805C /* Products */,
			);
			sourceTree = "<group>";
		};
		9FD5A4512D80D2C10078805C /* Products */ = {
			isa = PBXGroup;
			children = (
				9FD5A4502D80D2C10078805C /* Week7Assignment.app */,
			);
			name = Products;
			sourceTree = "<group>";
		};
		9FD5A4642D80D36E0078805C /* Preview Content */ = {
			isa = PBXGroup;
			children = (
				9FD5A4632D80D36E0078805C /* Preview Assets.xcassets */,
			);
			path = "Preview Content";
			sourceTree = "<group>";
		};
		9FD5A4692D80D36E0078805C /* Week7Assignment */ = {
			isa = PBXGroup;
			children = (
				9FD5A4672D80D36E0078805C /* README.md */,
				9FD5A4642D80D36E0078805C /* Preview Content */,
				9FD5A4652D80D36E0078805C /* Assets.xcassets */,
				9FD5A4682D80D36E0078805C /* Week7AssignmentApp.swift */,
				9FD5A4662D80D36E0078805C /* ContentView.swift */,
				9F148FF72D88A9A5005DB521 /* SliderView.swift */,
				9FD5A4872D824C6F0078805C /* Image Handling */,
				9FD5A4882D824C7A0078805C /* Audio Handling */,
				9FD5A4892D824C880078805C /* Audio Visualization */,
			);
			path = Week7Assignment;
			sourceTree = "<group>";
		};
		9FD5A4872D824C6F0078805C /* Image Handling */ = {
			isa = PBXGroup;
			children = (
				9FD5A48A2D8252B20078805C /* ImageProcessor.swift */,
				9FD5A46F2D80DC420078805C /* UIImage+Extension.swift */,
			);
			path = "Image Handling";
			sourceTree = "<group>";
		};
		9FD5A4882D824C7A0078805C /* Audio Handling */ = {
			isa = PBXGroup;
			children = (
				9FD5A4802D824B050078805C /* Conductor.swift */,
				9FD5A48C2D8252CA0078805C /* AudioManager.swift */,
			);
			path = "Audio Handling";
			sourceTree = "<group>";
		};
		9FD5A4892D824C880078805C /* Audio Visualization */ = {
			isa = PBXGroup;
			children = (
				9F148FF92D88AE09005DB521 /* WaveformView.swift */,
				9F95C75D2D88B57400225319 /* CircularWaveformView.swift */,
				9FD5A4822D824B310078805C /* AmplitudeVisualizer.swift */,
				9FD5A4842D824B340078805C /* VerticalBar.swift */,
			);
			path = "Audio Visualization";
			sourceTree = "<group>";
		};
/* End PBXGroup section */

/* Begin PBXNativeTarget section */
		9FD5A44F2D80D2C10078805C /* Week7Assignment */ = {
			isa = PBXNativeTarget;
			buildConfigurationList = 9FD5A45E2D80D2C20078805C /* Build configuration list for PBXNativeTarget "Week7Assignment" */;
			buildPhases = (
				9FD5A44C2D80D2C10078805C /* Sources */,
				9FD5A44D2D80D2C10078805C /* Frameworks */,
				9FD5A44E2D80D2C10078805C /* Resources */,
			);
			buildRules = (
			);
			dependencies = (
			);
			name = Week7Assignment;
			packageProductDependencies = (
				9FD5A48F2D8253C50078805C /* CookbookCommon */,
			);
			productName = Week7Assignment;
			productReference = 9FD5A4502D80D2C10078805C /* Week7Assignment.app */;
			productType = "com.apple.product-type.application";
		};
/* End PBXNativeTarget section */

/* Begin PBXProject section */
		9FD5A4482D80D2C10078805C /* Project object */ = {
			isa = PBXProject;
			attributes = {
				BuildIndependentTargetsInParallel = 1;
				LastSwiftUpdateCheck = 1620;
				LastUpgradeCheck = 1620;
				TargetAttributes = {
					9FD5A44F2D80D2C10078805C = {
						CreatedOnToolsVersion = 16.2;
					};
				};
			};
			buildConfigurationList = 9FD5A44B2D80D2C10078805C /* Build configuration list for PBXProject "Week7Assignment" */;
			developmentRegion = en;
			hasScannedForEncodings = 0;
			knownRegions = (
				en,
				Base,
			);
			mainGroup = 9FD5A4472D80D2C10078805C;
			minimizedProjectReferenceProxies = 1;
			packageReferences = (
			);
			preferredProjectObjectVersion = 77;
			productRefGroup = 9FD5A4512D80D2C10078805C /* Products */;
			projectDirPath = "";
			projectRoot = "";
			targets = (
				9FD5A44F2D80D2C10078805C /* Week7Assignment */,
			);
		};
/* End PBXProject section */

/* Begin PBXResourcesBuildPhase section */
		9FD5A44E2D80D2C10078805C /* Resources */ = {
			isa = PBXResourcesBuildPhase;
			buildActionMask = 2147483647;
			files = (
				9FD5A46C2D80D36E0078805C /* Preview Assets.xcassets in Resources */,
				9FD5A46D2D80D36E0078805C /* Assets.xcassets in Resources */,
				9FD5A46E2D80D36E0078805C /* README.md in Resources */,
			);
			runOnlyForDeploymentPostprocessing = 0;
		};
/* End PBXResourcesBuildPhase section */

/* Begin PBXSourcesBuildPhase section */
		9FD5A44C2D80D2C10078805C /* Sources */ = {
			isa = PBXSourcesBuildPhase;
			buildActionMask = 2147483647;
			files = (
				9F95C75E2D88B57400225319 /* CircularWaveformView.swift in Sources */,
				9FD5A4832D824B310078805C /* AmplitudeVisualizer.swift in Sources */,
				9FD5A4702D80DC420078805C /* UIImage+Extension.swift in Sources */,
				9FD5A48D2D8252CA0078805C /* AudioManager.swift in Sources */,
				9F148FF82D88A9A5005DB521 /* SliderView.swift in Sources */,
				9FD5A46A2D80D36E0078805C /* ContentView.swift in Sources */,
				9FD5A4852D824B340078805C /* VerticalBar.swift in Sources */,
				9FD5A48B2D8252B20078805C /* ImageProcessor.swift in Sources */,
				9F148FFA2D88AE09005DB521 /* WaveformView.swift in Sources */,
				9FD5A46B2D80D36E0078805C /* Week7AssignmentApp.swift in Sources */,
				9FD5A4812D824B050078805C /* Conductor.swift in Sources */,
			);
			runOnlyForDeploymentPostprocessing = 0;
		};
/* End PBXSourcesBuildPhase section */

/* Begin XCBuildConfiguration section */
		9FD5A45C2D80D2C20078805C /* Debug */ = {
			isa = XCBuildConfiguration;
			buildSettings = {
				ALWAYS_SEARCH_USER_PATHS = NO;
				ASSETCATALOG_COMPILER_GENERATE_SWIFT_ASSET_SYMBOL_EXTENSIONS = YES;
				CLANG_ANALYZER_NONNULL = YES;
				CLANG_ANALYZER_NUMBER_OBJECT_CONVERSION = YES_AGGRESSIVE;
				CLANG_CXX_LANGUAGE_STANDARD = "gnu++20";
				CLANG_ENABLE_MODULES = YES;
				CLANG_ENABLE_OBJC_ARC = YES;
				CLANG_ENABLE_OBJC_WEAK = YES;
				CLANG_WARN_BLOCK_CAPTURE_AUTORELEASING = YES;
				CLANG_WARN_BOOL_CONVERSION = YES;
				CLANG_WARN_COMMA = YES;
				CLANG_WARN_CONSTANT_CONVERSION = YES;
				CLANG_WARN_DEPRECATED_OBJC_IMPLEMENTATIONS = YES;
				CLANG_WARN_DIRECT_OBJC_ISA_USAGE = YES_ERROR;
				CLANG_WARN_DOCUMENTATION_COMMENTS = YES;
				CLANG_WARN_EMPTY_BODY = YES;
				CLANG_WARN_ENUM_CONVERSION = YES;
				CLANG_WARN_INFINITE_RECURSION = YES;
				CLANG_WARN_INT_CONVERSION = YES;
				CLANG_WARN_NON_LITERAL_NULL_CONVERSION = YES;
				CLANG_WARN_OBJC_IMPLICIT_RETAIN_SELF = YES;
				CLANG_WARN_OBJC_LITERAL_CONVERSION = YES;
				CLANG_WARN_OBJC_ROOT_CLASS = YES_ERROR;
				CLANG_WARN_QUOTED_INCLUDE_IN_FRAMEWORK_HEADER = YES;
				CLANG_WARN_RANGE_LOOP_ANALYSIS = YES;
				CLANG_WARN_STRICT_PROTOTYPES = YES;
				CLANG_WARN_SUSPICIOUS_MOVE = YES;
				CLANG_WARN_UNGUARDED_AVAILABILITY = YES_AGGRESSIVE;
				CLANG_WARN_UNREACHABLE_CODE = YES;
				CLANG_WARN__DUPLICATE_METHOD_MATCH = YES;
				COPY_PHASE_STRIP = NO;
				DEBUG_INFORMATION_FORMAT = dwarf;
				ENABLE_STRICT_OBJC_MSGSEND = YES;
				ENABLE_TESTABILITY = YES;
				ENABLE_USER_SCRIPT_SANDBOXING = YES;
				GCC_C_LANGUAGE_STANDARD = gnu17;
				GCC_DYNAMIC_NO_PIC = NO;
				GCC_NO_COMMON_BLOCKS = YES;
				GCC_OPTIMIZATION_LEVEL = 0;
				GCC_PREPROCESSOR_DEFINITIONS = (
					"DEBUG=1",
					"$(inherited)",
				);
				GCC_WARN_64_TO_32_BIT_CONVERSION = YES;
				GCC_WARN_ABOUT_RETURN_TYPE = YES_ERROR;
				GCC_WARN_UNDECLARED_SELECTOR = YES;
				GCC_WARN_UNINITIALIZED_AUTOS = YES_AGGRESSIVE;
				GCC_WARN_UNUSED_FUNCTION = YES;
				GCC_WARN_UNUSED_VARIABLE = YES;
				IPHONEOS_DEPLOYMENT_TARGET = 18.2;
				LOCALIZATION_PREFERS_STRING_CATALOGS = YES;
				MTL_ENABLE_DEBUG_INFO = INCLUDE_SOURCE;
				MTL_FAST_MATH = YES;
				ONLY_ACTIVE_ARCH = YES;
				SDKROOT = iphoneos;
				SWIFT_ACTIVE_COMPILATION_CONDITIONS = "DEBUG $(inherited)";
				SWIFT_OPTIMIZATION_LEVEL = "-Onone";
			};
			name = Debug;
		};
		9FD5A45D2D80D2C20078805C /* Release */ = {
			isa = XCBuildConfiguration;
			buildSettings = {
				ALWAYS_SEARCH_USER_PATHS = NO;
				ASSETCATALOG_COMPILER_GENERATE_SWIFT_ASSET_SYMBOL_EXTENSIONS = YES;
				CLANG_ANALYZER_NONNULL = YES;
				CLANG_ANALYZER_NUMBER_OBJECT_CONVERSION = YES_AGGRESSIVE;
				CLANG_CXX_LANGUAGE_STANDARD = "gnu++20";
				CLANG_ENABLE_MODULES = YES;
				CLANG_ENABLE_OBJC_ARC = YES;
				CLANG_ENABLE_OBJC_WEAK = YES;
				CLANG_WARN_BLOCK_CAPTURE_AUTORELEASING = YES;
				CLANG_WARN_BOOL_CONVERSION = YES;
				CLANG_WARN_COMMA = YES;
				CLANG_WARN_CONSTANT_CONVERSION = YES;
				CLANG_WARN_DEPRECATED_OBJC_IMPLEMENTATIONS = YES;
				CLANG_WARN_DIRECT_OBJC_ISA_USAGE = YES_ERROR;
				CLANG_WARN_DOCUMENTATION_COMMENTS = YES;
				CLANG_WARN_EMPTY_BODY = YES;
				CLANG_WARN_ENUM_CONVERSION = YES;
				CLANG_WARN_INFINITE_RECURSION = YES;
				CLANG_WARN_INT_CONVERSION = YES;
				CLANG_WARN_NON_LITERAL_NULL_CONVERSION = YES;
				CLANG_WARN_OBJC_IMPLICIT_RETAIN_SELF = YES;
				CLANG_WARN_OBJC_LITERAL_CONVERSION = YES;
				CLANG_WARN_OBJC_ROOT_CLASS = YES_ERROR;
				CLANG_WARN_QUOTED_INCLUDE_IN_FRAMEWORK_HEADER = YES;
				CLANG_WARN_RANGE_LOOP_ANALYSIS = YES;
				CLANG_WARN_STRICT_PROTOTYPES = YES;
				CLANG_WARN_SUSPICIOUS_MOVE = YES;
				CLANG_WARN_UNGUARDED_AVAILABILITY = YES_AGGRESSIVE;
				CLANG_WARN_UNREACHABLE_CODE = YES;
				CLANG_WARN__DUPLICATE_METHOD_MATCH = YES;
				COPY_PHASE_STRIP = NO;
				DEBUG_INFORMATION_FORMAT = "dwarf-with-dsym";
				ENABLE_NS_ASSERTIONS = NO;
				ENABLE_STRICT_OBJC_MSGSEND = YES;
				ENABLE_USER_SCRIPT_SANDBOXING = YES;
				GCC_C_LANGUAGE_STANDARD = gnu17;
				GCC_NO_COMMON_BLOCKS = YES;
				GCC_WARN_64_TO_32_BIT_CONVERSION = YES;
				GCC_WARN_ABOUT_RETURN_TYPE = YES_ERROR;
				GCC_WARN_UNDECLARED_SELECTOR = YES;
				GCC_WARN_UNINITIALIZED_AUTOS = YES_AGGRESSIVE;
				GCC_WARN_UNUSED_FUNCTION = YES;
				GCC_WARN_UNUSED_VARIABLE = YES;
				IPHONEOS_DEPLOYMENT_TARGET = 18.2;
				LOCALIZATION_PREFERS_STRING_CATALOGS = YES;
				MTL_ENABLE_DEBUG_INFO = NO;
				MTL_FAST_MATH = YES;
				SDKROOT = iphoneos;
				SWIFT_COMPILATION_MODE = wholemodule;
				VALIDATE_PRODUCT = YES;
			};
			name = Release;
		};
		9FD5A45F2D80D2C20078805C /* Debug */ = {
			isa = XCBuildConfiguration;
			buildSettings = {
				ASSETCATALOG_COMPILER_APPICON_NAME = AppIcon;
				ASSETCATALOG_COMPILER_GLOBAL_ACCENT_COLOR_NAME = AccentColor;
				CODE_SIGN_STYLE = Automatic;
				CURRENT_PROJECT_VERSION = 1;
				DEVELOPMENT_ASSET_PATHS = "\"Week7Assignment/Preview Content\"";
				DEVELOPMENT_TEAM = U24HL57839;
				ENABLE_PREVIEWS = YES;
				GENERATE_INFOPLIST_FILE = YES;
				INFOPLIST_KEY_UIApplicationSceneManifest_Generation = YES;
				INFOPLIST_KEY_UIApplicationSupportsIndirectInputEvents = YES;
				INFOPLIST_KEY_UILaunchScreen_Generation = YES;
				INFOPLIST_KEY_UISupportedInterfaceOrientations_iPad = "UIInterfaceOrientationPortrait UIInterfaceOrientationPortraitUpsideDown UIInterfaceOrientationLandscapeLeft UIInterfaceOrientationLandscapeRight";
				INFOPLIST_KEY_UISupportedInterfaceOrientations_iPhone = "UIInterfaceOrientationPortrait UIInterfaceOrientationLandscapeLeft UIInterfaceOrientationLandscapeRight";
				LD_RUNPATH_SEARCH_PATHS = (
					"$(inherited)",
					"@executable_path/Frameworks",
				);
				MARKETING_VERSION = 1.0;
				PRODUCT_BUNDLE_IDENTIFIER = "molab-2025.Week7Assignment";
				PRODUCT_NAME = "$(TARGET_NAME)";
				SWIFT_EMIT_LOC_STRINGS = YES;
				SWIFT_VERSION = 5.0;
				TARGETED_DEVICE_FAMILY = "1,2";
			};
			name = Debug;
		};
		9FD5A4602D80D2C20078805C /* Release */ = {
			isa = XCBuildConfiguration;
			buildSettings = {
				ASSETCATALOG_COMPILER_APPICON_NAME = AppIcon;
				ASSETCATALOG_COMPILER_GLOBAL_ACCENT_COLOR_NAME = AccentColor;
				CODE_SIGN_STYLE = Automatic;
				CURRENT_PROJECT_VERSION = 1;
				DEVELOPMENT_ASSET_PATHS = "\"Week7Assignment/Preview Content\"";
				DEVELOPMENT_TEAM = U24HL57839;
				ENABLE_PREVIEWS = YES;
				GENERATE_INFOPLIST_FILE = YES;
				INFOPLIST_KEY_UIApplicationSceneManifest_Generation = YES;
				INFOPLIST_KEY_UIApplicationSupportsIndirectInputEvents = YES;
				INFOPLIST_KEY_UILaunchScreen_Generation = YES;
				INFOPLIST_KEY_UISupportedInterfaceOrientations_iPad = "UIInterfaceOrientationPortrait UIInterfaceOrientationPortraitUpsideDown UIInterfaceOrientationLandscapeLeft UIInterfaceOrientationLandscapeRight";
				INFOPLIST_KEY_UISupportedInterfaceOrientations_iPhone = "UIInterfaceOrientationPortrait UIInterfaceOrientationLandscapeLeft UIInterfaceOrientationLandscapeRight";
				LD_RUNPATH_SEARCH_PATHS = (
					"$(inherited)",
					"@executable_path/Frameworks",
				);
				MARKETING_VERSION = 1.0;
				PRODUCT_BUNDLE_IDENTIFIER = "molab-2025.Week7Assignment";
				PRODUCT_NAME = "$(TARGET_NAME)";
				SWIFT_EMIT_LOC_STRINGS = YES;
				SWIFT_VERSION = 5.0;
				TARGETED_DEVICE_FAMILY = "1,2";
			};
			name = Release;
		};
/* End XCBuildConfiguration section */

/* Begin XCConfigurationList section */
		9FD5A44B2D80D2C10078805C /* Build configuration list for PBXProject "Week7Assignment" */ = {
			isa = XCConfigurationList;
			buildConfigurations = (
				9FD5A45C2D80D2C20078805C /* Debug */,
				9FD5A45D2D80D2C20078805C /* Release */,
			);
			defaultConfigurationIsVisible = 0;
			defaultConfigurationName = Release;
		};
		9FD5A45E2D80D2C20078805C /* Build configuration list for PBXNativeTarget "Week7Assignment" */ = {
			isa = XCConfigurationList;
			buildConfigurations = (
				9FD5A45F2D80D2C20078805C /* Debug */,
				9FD5A4602D80D2C20078805C /* Release */,
			);
			defaultConfigurationIsVisible = 0;
			defaultConfigurationName = Release;
		};
/* End XCConfigurationList section */

/* Begin XCSwiftPackageProductDependency section */
		9FD5A48F2D8253C50078805C /* CookbookCommon */ = {
			isa = XCSwiftPackageProductDependency;
			productName = CookbookCommon;
		};
/* End XCSwiftPackageProductDependency section */
	};
	rootObject = 9FD5A4482D80D2C10078805C /* Project object */;
}
